
Microsoft Visual Studio Solution File, Format Version 12.00
# Visual Studio 15
VisualStudioVersion = 15.0.27130.2027
MinimumVisualStudioVersion = 10.0.40219.1
Project("{FAE04EC0-301F-11D3-BF4B-00C04F79EFBC}") = "ExcelApp", "ExcelApp\ExcelApp.csproj", "{135F7DB1-D954-41EA-B309-1711ACB1FAF0}"
EndProject
Project("{FAE04EC0-301F-11D3-BF4B-00C04F79EFBC}") = "ExcelAPPWeb", "ExcelAPPWeb\ExcelAPPWeb.csproj", "{EBB6E3A0-6FF8-405A-842A-F5545D7A0843}"
EndProject
Project("{2150E333-8FDC-42A3-9474-1A3956D46DE8}") = "sql", "sql", "{E9BF0F5C-DB58-48D6-B35F-1048B531E7FC}"
EndProject
Project("{2150E333-8FDC-42A3-9474-1A3956D46DE8}") = "mss", "mss", "{DBE6289F-4AB3-44D0-B805-8A6BCAFC8AC3}"
	ProjectSection(SolutionItems) = preProject
		table.sql = table.sql
	EndProjectSection
EndProject
Project("{2150E333-8FDC-42A3-9474-1A3956D46DE8}") = "ora", "ora", "{8FD32DA3-8E09-41DB-A512-E94F5DD63DB1}"
	ProjectSection(SolutionItems) = preProject
		ora_init.sql = ora_init.sql
		ora_table.sql = ora_table.sql
	EndProjectSection
EndProject
Project("{FAE04EC0-301F-11D3-BF4B-00C04F79EFBC}") = "ExcelClient", "ExcelClient\ExcelClient.csproj", "{15C37258-5403-4A3F-96D0-DCF9F9EF1042}"
EndProject
Global
	GlobalSection(SolutionConfigurationPlatforms) = preSolution
		Debug|Any CPU = Debug|Any CPU
		Debug|ARM = Debug|ARM
		Debug|x64 = Debug|x64
		Debug|x86 = Debug|x86
		Release|Any CPU = Release|Any CPU
		Release|ARM = Release|ARM
		Release|x64 = Release|x64
		Release|x86 = Release|x86
	EndGlobalSection
	GlobalSection(ProjectConfigurationPlatforms) = postSolution
		{135F7DB1-D954-41EA-B309-1711ACB1FAF0}.Debug|Any CPU.ActiveCfg = Debug|Any CPU
		{135F7DB1-D954-41EA-B309-1711ACB1FAF0}.Debug|Any CPU.Build.0 = Debug|Any CPU
		{135F7DB1-D954-41EA-B309-1711ACB1FAF0}.Debug|ARM.ActiveCfg = Debug|Any CPU
		{135F7DB1-D954-41EA-B309-1711ACB1FAF0}.Debug|ARM.Build.0 = Debug|Any CPU
		{135F7DB1-D954-41EA-B309-1711ACB1FAF0}.Debug|x64.ActiveCfg = Debug|Any CPU
		{135F7DB1-D954-41EA-B309-1711ACB1FAF0}.Debug|x64.Build.0 = Debug|Any CPU
		{135F7DB1-D954-41EA-B309-1711ACB1FAF0}.Debug|x86.ActiveCfg = Debug|Any CPU
		{135F7DB1-D954-41EA-B309-1711ACB1FAF0}.Debug|x86.Build.0 = Debug|Any CPU
		{135F7DB1-D954-41EA-B309-1711ACB1FAF0}.Release|Any CPU.ActiveCfg = Release|Any CPU
		{135F7DB1-D954-41EA-B309-1711ACB1FAF0}.Release|Any CPU.Build.0 = Release|Any CPU
		{135F7DB1-D954-41EA-B309-1711ACB1FAF0}.Release|ARM.ActiveCfg = Release|Any CPU
		{135F7DB1-D954-41EA-B309-1711ACB1FAF0}.Release|ARM.Build.0 = Release|Any CPU
		{135F7DB1-D954-41EA-B309-1711ACB1FAF0}.Release|x64.ActiveCfg = Release|Any CPU
		{135F7DB1-D954-41EA-B309-1711ACB1FAF0}.Release|x64.Build.0 = Release|Any CPU
		{135F7DB1-D954-41EA-B309-1711ACB1FAF0}.Release|x86.ActiveCfg = Release|Any CPU
		{135F7DB1-D954-41EA-B309-1711ACB1FAF0}.Release|x86.Build.0 = Release|Any CPU
		{EBB6E3A0-6FF8-405A-842A-F5545D7A0843}.Debug|Any CPU.ActiveCfg = Debug|Any CPU
		{EBB6E3A0-6FF8-405A-842A-F5545D7A0843}.Debug|Any CPU.Build.0 = Debug|Any CPU
		{EBB6E3A0-6FF8-405A-842A-F5545D7A0843}.Debug|ARM.ActiveCfg = Debug|Any CPU
		{EBB6E3A0-6FF8-405A-842A-F5545D7A0843}.Debug|ARM.Build.0 = Debug|Any CPU
		{EBB6E3A0-6FF8-405A-842A-F5545D7A0843}.Debug|x64.ActiveCfg = Debug|Any CPU
		{EBB6E3A0-6FF8-405A-842A-F5545D7A0843}.Debug|x64.Build.0 = Debug|Any CPU
		{EBB6E3A0-6FF8-405A-842A-F5545D7A0843}.Debug|x86.ActiveCfg = Debug|Any CPU
		{EBB6E3A0-6FF8-405A-842A-F5545D7A0843}.Debug|x86.Build.0 = Debug|Any CPU
		{EBB6E3A0-6FF8-405A-842A-F5545D7A0843}.Release|Any CPU.ActiveCfg = Release|Any CPU
		{EBB6E3A0-6FF8-405A-842A-F5545D7A0843}.Release|Any CPU.Build.0 = Release|Any CPU
		{EBB6E3A0-6FF8-405A-842A-F5545D7A0843}.Release|ARM.ActiveCfg = Release|Any CPU
		{EBB6E3A0-6FF8-405A-842A-F5545D7A0843}.Release|ARM.Build.0 = Release|Any CPU
		{EBB6E3A0-6FF8-405A-842A-F5545D7A0843}.Release|x64.ActiveCfg = Release|Any CPU
		{EBB6E3A0-6FF8-405A-842A-F5545D7A0843}.Release|x64.Build.0 = Release|Any CPU
		{EBB6E3A0-6FF8-405A-842A-F5545D7A0843}.Release|x86.ActiveCfg = Release|Any CPU
		{EBB6E3A0-6FF8-405A-842A-F5545D7A0843}.Release|x86.Build.0 = Release|Any CPU
		{15C37258-5403-4A3F-96D0-DCF9F9EF1042}.Debug|Any CPU.ActiveCfg = Debug|Any CPU
		{15C37258-5403-4A3F-96D0-DCF9F9EF1042}.Debug|Any CPU.Build.0 = Debug|Any CPU
		{15C37258-5403-4A3F-96D0-DCF9F9EF1042}.Debug|ARM.ActiveCfg = Debug|Any CPU
		{15C37258-5403-4A3F-96D0-DCF9F9EF1042}.Debug|ARM.Build.0 = Debug|Any CPU
		{15C37258-5403-4A3F-96D0-DCF9F9EF1042}.Debug|x64.ActiveCfg = Debug|Any CPU
		{15C37258-5403-4A3F-96D0-DCF9F9EF1042}.Debug|x64.Build.0 = Debug|Any CPU
		{15C37258-5403-4A3F-96D0-DCF9F9EF1042}.Debug|x86.ActiveCfg = Debug|Any CPU
		{15C37258-5403-4A3F-96D0-DCF9F9EF1042}.Debug|x86.Build.0 = Debug|Any CPU
		{15C37258-5403-4A3F-96D0-DCF9F9EF1042}.Release|Any CPU.ActiveCfg = Release|Any CPU
		{15C37258-5403-4A3F-96D0-DCF9F9EF1042}.Release|Any CPU.Build.0 = Release|Any CPU
		{15C37258-5403-4A3F-96D0-DCF9F9EF1042}.Release|ARM.ActiveCfg = Release|Any CPU
		{15C37258-5403-4A3F-96D0-DCF9F9EF1042}.Release|ARM.Build.0 = Release|Any CPU
		{15C37258-5403-4A3F-96D0-DCF9F9EF1042}.Release|x64.ActiveCfg = Release|Any CPU
		{15C37258-5403-4A3F-96D0-DCF9F9EF1042}.Release|x64.Build.0 = Release|Any CPU
		{15C37258-5403-4A3F-96D0-DCF9F9EF1042}.Release|x86.ActiveCfg = Release|Any CPU
		{15C37258-5403-4A3F-96D0-DCF9F9EF1042}.Release|x86.Build.0 = Release|Any CPU
	EndGlobalSection
	GlobalSection(SolutionProperties) = preSolution
		HideSolutionNode = FALSE
	EndGlobalSection
	GlobalSection(NestedProjects) = preSolution
		{DBE6289F-4AB3-44D0-B805-8A6BCAFC8AC3} = {E9BF0F5C-DB58-48D6-B35F-1048B531E7FC}
		{8FD32DA3-8E09-41DB-A512-E94F5DD63DB1} = {E9BF0F5C-DB58-48D6-B35F-1048B531E7FC}
	EndGlobalSection
	GlobalSection(ExtensibilityGlobals) = postSolution
		SolutionGuid = {8514079E-1018-4D61-A12D-6C27BB099068}
	EndGlobalSection
EndGlobal
